{
  "version": 4,
  "terraform_version": "1.13.4",
  "serial": 69,
  "lineage": "f29657bd-0ae2-6086-1788-59ab82ffaa4c",
  "outputs": {
    "public_alb_dns": {
      "value": "public-alb-1845510605.us-east-1.elb.amazonaws.com",
      "type": "string"
    }
  },
  "resources": [
    {
      "module": "module.alb",
      "mode": "managed",
      "type": "aws_lb",
      "name": "public_alb",
      "provider": "provider[\"registry.terraform.io/hashicorp/aws\"]",
      "instances": [
        {
          "schema_version": 0,
          "attributes": {
            "access_logs": [
              {
                "bucket": "",
                "enabled": false,
                "prefix": ""
              }
            ],
            "arn": "arn:aws:elasticloadbalancing:us-east-1:239887201023:loadbalancer/app/public-alb/ec4c96e4be1904d6",
            "arn_suffix": "app/public-alb/ec4c96e4be1904d6",
            "client_keep_alive": 3600,
            "connection_logs": [
              {
                "bucket": "",
                "enabled": false,
                "prefix": ""
              }
            ],
            "customer_owned_ipv4_pool": "",
            "desync_mitigation_mode": "defensive",
            "dns_name": "public-alb-1845510605.us-east-1.elb.amazonaws.com",
            "dns_record_client_routing_policy": null,
            "drop_invalid_header_fields": false,
            "enable_cross_zone_load_balancing": true,
            "enable_deletion_protection": false,
            "enable_http2": true,
            "enable_tls_version_and_cipher_suite_headers": false,
            "enable_waf_fail_open": false,
            "enable_xff_client_port": false,
            "enable_zonal_shift": false,
            "enforce_security_group_inbound_rules_on_private_link_traffic": "",
            "id": "arn:aws:elasticloadbalancing:us-east-1:239887201023:loadbalancer/app/public-alb/ec4c96e4be1904d6",
            "idle_timeout": 60,
            "internal": false,
            "ip_address_type": "ipv4",
            "ipam_pools": [],
            "load_balancer_type": "application",
            "minimum_load_balancer_capacity": [],
            "name": "public-alb",
            "name_prefix": "",
            "preserve_host_header": false,
            "region": "us-east-1",
            "secondary_ips_auto_assigned_per_subnet": null,
            "security_groups": [
              "sg-0285f0f90b795e5ee"
            ],
            "subnet_mapping": [
              {
                "allocation_id": "",
                "ipv6_address": "",
                "outpost_id": "",
                "private_ipv4_address": "",
                "subnet_id": "subnet-05ae7c1fe25598a0c"
              },
              {
                "allocation_id": "",
                "ipv6_address": "",
                "outpost_id": "",
                "private_ipv4_address": "",
                "subnet_id": "subnet-0a333ed5558628c7d"
              }
            ],
            "subnets": [
              "subnet-05ae7c1fe25598a0c",
              "subnet-0a333ed5558628c7d"
            ],
            "tags": null,
            "tags_all": {},
            "timeouts": null,
            "vpc_id": "vpc-0d99e01f99c6d6910",
            "xff_header_processing_mode": "append",
            "zone_id": "Z35SXDOTRQ7X7K"
          },
          "sensitive_attributes": [],
          "identity_schema_version": 0,
          "identity": {
            "arn": "arn:aws:elasticloadbalancing:us-east-1:239887201023:loadbalancer/app/public-alb/ec4c96e4be1904d6"
          },
          "private": "eyJlMmJmYjczMC1lY2FhLTExZTYtOGY4OC0zNDM2M2JjN2M0YzAiOnsiY3JlYXRlIjo2MDAwMDAwMDAwMDAsImRlbGV0ZSI6NjAwMDAwMDAwMDAwLCJ1cGRhdGUiOjYwMDAwMDAwMDAwMH19",
          "dependencies": [
            "module.ec2.aws_security_group.public_sg",
            "module.vpc.aws_subnet.public",
            "module.vpc.aws_vpc.main"
          ]
        }
      ]
    },
    {
      "module": "module.alb",
      "mode": "managed",
      "type": "aws_lb_listener",
      "name": "public_listener",
      "provider": "provider[\"registry.terraform.io/hashicorp/aws\"]",
      "instances": [
        {
          "schema_version": 0,
          "attributes": {
            "alpn_policy": null,
            "arn": "arn:aws:elasticloadbalancing:us-east-1:239887201023:listener/app/public-alb/ec4c96e4be1904d6/39075a3756eed578",
            "certificate_arn": null,
            "default_action": [
              {
                "authenticate_cognito": [],
                "authenticate_oidc": [],
                "fixed_response": [],
                "forward": [],
                "order": 1,
                "redirect": [],
                "target_group_arn": "arn:aws:elasticloadbalancing:us-east-1:239887201023:targetgroup/public-tg/b0ac741dffd25ad6",
                "type": "forward"
              }
            ],
            "id": "arn:aws:elasticloadbalancing:us-east-1:239887201023:listener/app/public-alb/ec4c96e4be1904d6/39075a3756eed578",
            "load_balancer_arn": "arn:aws:elasticloadbalancing:us-east-1:239887201023:loadbalancer/app/public-alb/ec4c96e4be1904d6",
            "mutual_authentication": [],
            "port": 80,
            "protocol": "HTTP",
            "region": "us-east-1",
            "routing_http_request_x_amzn_mtls_clientcert_header_name": null,
            "routing_http_request_x_amzn_mtls_clientcert_issuer_header_name": null,
            "routing_http_request_x_amzn_mtls_clientcert_leaf_header_name": null,
            "routing_http_request_x_amzn_mtls_clientcert_serial_number_header_name": null,
            "routing_http_request_x_amzn_mtls_clientcert_subject_header_name": null,
            "routing_http_request_x_amzn_mtls_clientcert_validity_header_name": null,
            "routing_http_request_x_amzn_tls_cipher_suite_header_name": null,
            "routing_http_request_x_amzn_tls_version_header_name": null,
            "routing_http_response_access_control_allow_credentials_header_value": "",
            "routing_http_response_access_control_allow_headers_header_value": "",
            "routing_http_response_access_control_allow_methods_header_value": "",
            "routing_http_response_access_control_allow_origin_header_value": "",
            "routing_http_response_access_control_expose_headers_header_value": "",
            "routing_http_response_access_control_max_age_header_value": "",
            "routing_http_response_content_security_policy_header_value": "",
            "routing_http_response_server_enabled": true,
            "routing_http_response_strict_transport_security_header_value": "",
            "routing_http_response_x_content_type_options_header_value": "",
            "routing_http_response_x_frame_options_header_value": "",
            "ssl_policy": "",
            "tags": null,
            "tags_all": {},
            "tcp_idle_timeout_seconds": null,
            "timeouts": null
          },
          "sensitive_attributes": [],
          "identity_schema_version": 0,
          "identity": {
            "arn": "arn:aws:elasticloadbalancing:us-east-1:239887201023:listener/app/public-alb/ec4c96e4be1904d6/39075a3756eed578"
          },
          "private": "eyJlMmJmYjczMC1lY2FhLTExZTYtOGY4OC0zNDM2M2JjN2M0YzAiOnsiY3JlYXRlIjozMDAwMDAwMDAwMDAsInVwZGF0ZSI6MzAwMDAwMDAwMDAwfX0=",
          "dependencies": [
            "module.alb.aws_lb.public_alb",
            "module.alb.aws_lb_target_group.public_tg",
            "module.ec2.aws_security_group.public_sg",
            "module.vpc.aws_subnet.public",
            "module.vpc.aws_vpc.main"
          ]
        }
      ]
    },
    {
      "module": "module.alb",
      "mode": "managed",
      "type": "aws_lb_target_group",
      "name": "public_tg",
      "provider": "provider[\"registry.terraform.io/hashicorp/aws\"]",
      "instances": [
        {
          "schema_version": 0,
          "attributes": {
            "arn": "arn:aws:elasticloadbalancing:us-east-1:239887201023:targetgroup/public-tg/b0ac741dffd25ad6",
            "arn_suffix": "targetgroup/public-tg/b0ac741dffd25ad6",
            "connection_termination": null,
            "deregistration_delay": "300",
            "health_check": [
              {
                "enabled": true,
                "healthy_threshold": 2,
                "interval": 10,
                "matcher": "200",
                "path": "/",
                "port": "80",
                "protocol": "HTTP",
                "timeout": 5,
                "unhealthy_threshold": 2
              }
            ],
            "id": "arn:aws:elasticloadbalancing:us-east-1:239887201023:targetgroup/public-tg/b0ac741dffd25ad6",
            "ip_address_type": "ipv4",
            "lambda_multi_value_headers_enabled": false,
            "load_balancer_arns": [],
            "load_balancing_algorithm_type": "round_robin",
            "load_balancing_anomaly_mitigation": "off",
            "load_balancing_cross_zone_enabled": "use_load_balancer_configuration",
            "name": "public-tg",
            "name_prefix": "",
            "port": 80,
            "preserve_client_ip": null,
            "protocol": "HTTP",
            "protocol_version": "HTTP1",
            "proxy_protocol_v2": false,
            "region": "us-east-1",
            "slow_start": 0,
            "stickiness": [
              {
                "cookie_duration": 86400,
                "cookie_name": "",
                "enabled": false,
                "type": "lb_cookie"
              }
            ],
            "tags": null,
            "tags_all": {},
            "target_failover": [
              {
                "on_deregistration": null,
                "on_unhealthy": null
              }
            ],
            "target_group_health": [
              {
                "dns_failover": [
                  {
                    "minimum_healthy_targets_count": "1",
                    "minimum_healthy_targets_percentage": "off"
                  }
                ],
                "unhealthy_state_routing": [
                  {
                    "minimum_healthy_targets_count": 1,
                    "minimum_healthy_targets_percentage": "off"
                  }
                ]
              }
            ],
            "target_health_state": [
              {
                "enable_unhealthy_connection_termination": null,
                "unhealthy_draining_interval": null
              }
            ],
            "target_type": "instance",
            "vpc_id": "vpc-0d99e01f99c6d6910"
          },
          "sensitive_attributes": [],
          "identity_schema_version": 0,
          "identity": {
            "arn": "arn:aws:elasticloadbalancing:us-east-1:239887201023:targetgroup/public-tg/b0ac741dffd25ad6"
          },
          "private": "bnVsbA==",
          "dependencies": [
            "module.vpc.aws_vpc.main"
          ]
        }
      ]
    },
    {
      "module": "module.alb",
      "mode": "managed",
      "type": "aws_lb_target_group_attachment",
      "name": "public_instances",
      "provider": "provider[\"registry.terraform.io/hashicorp/aws\"]",
      "instances": [
        {
          "index_key": 0,
          "schema_version": 0,
          "attributes": {
            "availability_zone": null,
            "id": "arn:aws:elasticloadbalancing:us-east-1:239887201023:targetgroup/public-tg/b0ac741dffd25ad6-20251110171452090100000006",
            "port": 80,
            "region": "us-east-1",
            "target_group_arn": "arn:aws:elasticloadbalancing:us-east-1:239887201023:targetgroup/public-tg/b0ac741dffd25ad6",
            "target_id": "i-066bedbc969aea11f"
          },
          "sensitive_attributes": [],
          "identity_schema_version": 0,
          "private": "bnVsbA==",
          "dependencies": [
            "module.alb.aws_lb_target_group.public_tg",
            "module.ec2.aws_instance.public_proxy",
            "module.ec2.aws_key_pair.auto_key",
            "module.ec2.aws_security_group.public_sg",
            "module.ec2.random_id.key_suffix",
            "module.ec2.tls_private_key.example",
            "module.vpc.aws_subnet.public",
            "module.vpc.aws_vpc.main"
          ]
        },
        {
          "index_key": 1,
          "schema_version": 0,
          "attributes": {
            "availability_zone": null,
            "id": "arn:aws:elasticloadbalancing:us-east-1:239887201023:targetgroup/public-tg/b0ac741dffd25ad6-20251110171452967800000007",
            "port": 80,
            "region": "us-east-1",
            "target_group_arn": "arn:aws:elasticloadbalancing:us-east-1:239887201023:targetgroup/public-tg/b0ac741dffd25ad6",
            "target_id": "i-0fa7c0594cc98499b"
          },
          "sensitive_attributes": [],
          "identity_schema_version": 0,
          "private": "bnVsbA==",
          "dependencies": [
            "module.alb.aws_lb_target_group.public_tg",
            "module.ec2.aws_instance.public_proxy",
            "module.ec2.aws_key_pair.auto_key",
            "module.ec2.aws_security_group.public_sg",
            "module.ec2.random_id.key_suffix",
            "module.ec2.tls_private_key.example",
            "module.vpc.aws_subnet.public",
            "module.vpc.aws_vpc.main"
          ]
        }
      ]
    },
    {
      "module": "module.ec2",
      "mode": "managed",
      "type": "aws_instance",
      "name": "private_backend",
      "provider": "provider[\"registry.terraform.io/hashicorp/aws\"]",
      "instances": [
        {
          "index_key": 0,
          "schema_version": 2,
          "attributes": {
            "ami": "ami-0c94855ba95c71c99",
            "arn": "arn:aws:ec2:us-east-1:239887201023:instance/i-0951d43760bda78c7",
            "associate_public_ip_address": false,
            "availability_zone": "us-east-1a",
            "capacity_reservation_specification": [
              {
                "capacity_reservation_preference": "open",
                "capacity_reservation_target": []
              }
            ],
            "cpu_options": [
              {
                "amd_sev_snp": "",
                "core_count": 1,
                "threads_per_core": 1
              }
            ],
            "credit_specification": [
              {
                "cpu_credits": "standard"
              }
            ],
            "disable_api_stop": false,
            "disable_api_termination": false,
            "ebs_block_device": [],
            "ebs_optimized": false,
            "enable_primary_ipv6": null,
            "enclave_options": [
              {
                "enabled": false
              }
            ],
            "ephemeral_block_device": [],
            "force_destroy": false,
            "get_password_data": false,
            "hibernation": false,
            "host_id": "",
            "host_resource_group_arn": null,
            "iam_instance_profile": "",
            "id": "i-0951d43760bda78c7",
            "instance_initiated_shutdown_behavior": "stop",
            "instance_lifecycle": "",
            "instance_market_options": [],
            "instance_state": "running",
            "instance_type": "t2.micro",
            "ipv6_address_count": 0,
            "ipv6_addresses": [],
            "key_name": "auto-key-a6976d11",
            "launch_template": [],
            "maintenance_options": [
              {
                "auto_recovery": "default"
              }
            ],
            "metadata_options": [
              {
                "http_endpoint": "enabled",
                "http_protocol_ipv6": "disabled",
                "http_put_response_hop_limit": 1,
                "http_tokens": "optional",
                "instance_metadata_tags": "disabled"
              }
            ],
            "monitoring": false,
            "network_interface": [],
            "outpost_arn": "",
            "password_data": "",
            "placement_group": "",
            "placement_group_id": "",
            "placement_partition_number": 0,
            "primary_network_interface": [
              {
                "delete_on_termination": true,
                "network_interface_id": "eni-035096cac2ba7928f"
              }
            ],
            "primary_network_interface_id": "eni-035096cac2ba7928f",
            "private_dns": "ip-10-0-2-49.ec2.internal",
            "private_dns_name_options": [
              {
                "enable_resource_name_dns_a_record": false,
                "enable_resource_name_dns_aaaa_record": false,
                "hostname_type": "ip-name"
              }
            ],
            "private_ip": "10.0.2.49",
            "public_dns": "",
            "public_ip": "",
            "region": "us-east-1",
            "root_block_device": [
              {
                "delete_on_termination": true,
                "device_name": "/dev/xvda",
                "encrypted": false,
                "iops": 100,
                "kms_key_id": "",
                "tags": {},
                "tags_all": {},
                "throughput": 0,
                "volume_id": "vol-03c06b1986986b1be",
                "volume_size": 8,
                "volume_type": "gp2"
              }
            ],
            "secondary_private_ips": [],
            "security_groups": [],
            "source_dest_check": true,
            "spot_instance_request_id": "",
            "subnet_id": "subnet-0b6cb135eaf480902",
            "tags": {
              "Name": "private-backend-0"
            },
            "tags_all": {
              "Name": "private-backend-0"
            },
            "tenancy": "default",
            "timeouts": null,
            "user_data": "#!/bin/bash\nyum update -y\nyum install -y python3\nmkdir -p /home/ec2-user/app\ncat \u003e /home/ec2-user/app/app.py \u003c\u003c'PY'\nfrom http.server import SimpleHTTPRequestHandler, HTTPServer\nimport socket\nclass Handler(SimpleHTTPRequestHandler):\n    def do_GET(self):\n        self.send_response(200)\n        self.send_header('Content-type', 'text/html')\n        self.end_headers()\n        self.wfile.write(b\"\u003chtml\u003e\u003cbody\u003e\u003ch1\u003ePrivate Backend (Python HTTP)\u003c/h1\u003e\u003c/body\u003e\u003c/html\u003e\")\nhttpd = HTTPServer(('0.0.0.0', 8080), Handler)\nhttpd.serve_forever()\nPY\n\ncat \u003e /etc/systemd/system/backend-app.service \u003c\u003c'SERVICE'\n[Unit]\nDescription=Simple Python Backend App\nAfter=network.target\n\n[Service]\nType=simple\nUser=ec2-user\nExecStart=/usr/bin/python3 /home/ec2-user/app/app.py\nRestart=on-failure\n\n[Install]\nWantedBy=multi-user.target\nSERVICE\n\nsystemctl daemon-reload\nsystemctl enable backend-app\nsystemctl start backend-app\n",
            "user_data_base64": null,
            "user_data_replace_on_change": false,
            "volume_tags": null,
            "vpc_security_group_ids": [
              "sg-0eb7acfdaf4b40cdb"
            ]
          },
          "sensitive_attributes": [],
          "identity_schema_version": 0,
          "identity": {
            "account_id": "239887201023",
            "id": "i-0951d43760bda78c7",
            "region": "us-east-1"
          },
          "private": "eyJlMmJmYjczMC1lY2FhLTExZTYtOGY4OC0zNDM2M2JjN2M0YzAiOnsiY3JlYXRlIjo2MDAwMDAwMDAwMDAsImRlbGV0ZSI6MTIwMDAwMDAwMDAwMCwicmVhZCI6OTAwMDAwMDAwMDAwLCJ1cGRhdGUiOjYwMDAwMDAwMDAwMH0sInNjaGVtYV92ZXJzaW9uIjoiMiJ9",
          "dependencies": [
            "module.ec2.aws_key_pair.auto_key",
            "module.ec2.aws_security_group.private_sg",
            "module.ec2.aws_security_group.public_sg",
            "module.ec2.random_id.key_suffix",
            "module.ec2.tls_private_key.example",
            "module.vpc.aws_subnet.private",
            "module.vpc.aws_vpc.main"
          ]
        },
        {
          "index_key": 1,
          "schema_version": 2,
          "attributes": {
            "ami": "ami-0c94855ba95c71c99",
            "arn": "arn:aws:ec2:us-east-1:239887201023:instance/i-0106faa04d9a2baef",
            "associate_public_ip_address": false,
            "availability_zone": "us-east-1b",
            "capacity_reservation_specification": [
              {
                "capacity_reservation_preference": "open",
                "capacity_reservation_target": []
              }
            ],
            "cpu_options": [
              {
                "amd_sev_snp": "",
                "core_count": 1,
                "threads_per_core": 1
              }
            ],
            "credit_specification": [
              {
                "cpu_credits": "standard"
              }
            ],
            "disable_api_stop": false,
            "disable_api_termination": false,
            "ebs_block_device": [],
            "ebs_optimized": false,
            "enable_primary_ipv6": null,
            "enclave_options": [
              {
                "enabled": false
              }
            ],
            "ephemeral_block_device": [],
            "force_destroy": false,
            "get_password_data": false,
            "hibernation": false,
            "host_id": "",
            "host_resource_group_arn": null,
            "iam_instance_profile": "",
            "id": "i-0106faa04d9a2baef",
            "instance_initiated_shutdown_behavior": "stop",
            "instance_lifecycle": "",
            "instance_market_options": [],
            "instance_state": "running",
            "instance_type": "t2.micro",
            "ipv6_address_count": 0,
            "ipv6_addresses": [],
            "key_name": "auto-key-a6976d11",
            "launch_template": [],
            "maintenance_options": [
              {
                "auto_recovery": "default"
              }
            ],
            "metadata_options": [
              {
                "http_endpoint": "enabled",
                "http_protocol_ipv6": "disabled",
                "http_put_response_hop_limit": 1,
                "http_tokens": "optional",
                "instance_metadata_tags": "disabled"
              }
            ],
            "monitoring": false,
            "network_interface": [],
            "outpost_arn": "",
            "password_data": "",
            "placement_group": "",
            "placement_group_id": "",
            "placement_partition_number": 0,
            "primary_network_interface": [
              {
                "delete_on_termination": true,
                "network_interface_id": "eni-060b8e33556bf8b08"
              }
            ],
            "primary_network_interface_id": "eni-060b8e33556bf8b08",
            "private_dns": "ip-10-0-3-133.ec2.internal",
            "private_dns_name_options": [
              {
                "enable_resource_name_dns_a_record": false,
                "enable_resource_name_dns_aaaa_record": false,
                "hostname_type": "ip-name"
              }
            ],
            "private_ip": "10.0.3.133",
            "public_dns": "",
            "public_ip": "",
            "region": "us-east-1",
            "root_block_device": [
              {
                "delete_on_termination": true,
                "device_name": "/dev/xvda",
                "encrypted": false,
                "iops": 100,
                "kms_key_id": "",
                "tags": {},
                "tags_all": {},
                "throughput": 0,
                "volume_id": "vol-0cd4d72cdb922db2c",
                "volume_size": 8,
                "volume_type": "gp2"
              }
            ],
            "secondary_private_ips": [],
            "security_groups": [],
            "source_dest_check": true,
            "spot_instance_request_id": "",
            "subnet_id": "subnet-05fe840f2e5ee8c6d",
            "tags": {
              "Name": "private-backend-1"
            },
            "tags_all": {
              "Name": "private-backend-1"
            },
            "tenancy": "default",
            "timeouts": null,
            "user_data": "#!/bin/bash\nyum update -y\nyum install -y python3\nmkdir -p /home/ec2-user/app\ncat \u003e /home/ec2-user/app/app.py \u003c\u003c'PY'\nfrom http.server import SimpleHTTPRequestHandler, HTTPServer\nimport socket\nclass Handler(SimpleHTTPRequestHandler):\n    def do_GET(self):\n        self.send_response(200)\n        self.send_header('Content-type', 'text/html')\n        self.end_headers()\n        self.wfile.write(b\"\u003chtml\u003e\u003cbody\u003e\u003ch1\u003ePrivate Backend (Python HTTP)\u003c/h1\u003e\u003c/body\u003e\u003c/html\u003e\")\nhttpd = HTTPServer(('0.0.0.0', 8080), Handler)\nhttpd.serve_forever()\nPY\n\ncat \u003e /etc/systemd/system/backend-app.service \u003c\u003c'SERVICE'\n[Unit]\nDescription=Simple Python Backend App\nAfter=network.target\n\n[Service]\nType=simple\nUser=ec2-user\nExecStart=/usr/bin/python3 /home/ec2-user/app/app.py\nRestart=on-failure\n\n[Install]\nWantedBy=multi-user.target\nSERVICE\n\nsystemctl daemon-reload\nsystemctl enable backend-app\nsystemctl start backend-app\n",
            "user_data_base64": null,
            "user_data_replace_on_change": false,
            "volume_tags": null,
            "vpc_security_group_ids": [
              "sg-0eb7acfdaf4b40cdb"
            ]
          },
          "sensitive_attributes": [],
          "identity_schema_version": 0,
          "identity": {
            "account_id": "239887201023",
            "id": "i-0106faa04d9a2baef",
            "region": "us-east-1"
          },
          "private": "eyJlMmJmYjczMC1lY2FhLTExZTYtOGY4OC0zNDM2M2JjN2M0YzAiOnsiY3JlYXRlIjo2MDAwMDAwMDAwMDAsImRlbGV0ZSI6MTIwMDAwMDAwMDAwMCwicmVhZCI6OTAwMDAwMDAwMDAwLCJ1cGRhdGUiOjYwMDAwMDAwMDAwMH0sInNjaGVtYV92ZXJzaW9uIjoiMiJ9",
          "dependencies": [
            "module.ec2.aws_key_pair.auto_key",
            "module.ec2.aws_security_group.private_sg",
            "module.ec2.aws_security_group.public_sg",
            "module.ec2.random_id.key_suffix",
            "module.ec2.tls_private_key.example",
            "module.vpc.aws_subnet.private",
            "module.vpc.aws_vpc.main"
          ]
        }
      ]
    },
    {
      "module": "module.ec2",
      "mode": "managed",
      "type": "aws_instance",
      "name": "public_proxy",
      "provider": "provider[\"registry.terraform.io/hashicorp/aws\"]",
      "instances": [
        {
          "index_key": 0,
          "schema_version": 2,
          "attributes": {
            "ami": "ami-0c94855ba95c71c99",
            "arn": "arn:aws:ec2:us-east-1:239887201023:instance/i-066bedbc969aea11f",
            "associate_public_ip_address": true,
            "availability_zone": "us-east-1a",
            "capacity_reservation_specification": [
              {
                "capacity_reservation_preference": "open",
                "capacity_reservation_target": []
              }
            ],
            "cpu_options": [
              {
                "amd_sev_snp": "",
                "core_count": 1,
                "threads_per_core": 1
              }
            ],
            "credit_specification": [
              {
                "cpu_credits": "standard"
              }
            ],
            "disable_api_stop": false,
            "disable_api_termination": false,
            "ebs_block_device": [],
            "ebs_optimized": false,
            "enable_primary_ipv6": null,
            "enclave_options": [
              {
                "enabled": false
              }
            ],
            "ephemeral_block_device": [],
            "force_destroy": false,
            "get_password_data": false,
            "hibernation": false,
            "host_id": "",
            "host_resource_group_arn": null,
            "iam_instance_profile": "",
            "id": "i-066bedbc969aea11f",
            "instance_initiated_shutdown_behavior": "stop",
            "instance_lifecycle": "",
            "instance_market_options": [],
            "instance_state": "running",
            "instance_type": "t2.micro",
            "ipv6_address_count": 0,
            "ipv6_addresses": [],
            "key_name": "auto-key-a6976d11",
            "launch_template": [],
            "maintenance_options": [
              {
                "auto_recovery": "default"
              }
            ],
            "metadata_options": [
              {
                "http_endpoint": "enabled",
                "http_protocol_ipv6": "disabled",
                "http_put_response_hop_limit": 1,
                "http_tokens": "optional",
                "instance_metadata_tags": "disabled"
              }
            ],
            "monitoring": false,
            "network_interface": [],
            "outpost_arn": "",
            "password_data": "",
            "placement_group": "",
            "placement_group_id": "",
            "placement_partition_number": 0,
            "primary_network_interface": [
              {
                "delete_on_termination": true,
                "network_interface_id": "eni-075cbdbd2b5ee4c56"
              }
            ],
            "primary_network_interface_id": "eni-075cbdbd2b5ee4c56",
            "private_dns": "ip-10-0-0-68.ec2.internal",
            "private_dns_name_options": [
              {
                "enable_resource_name_dns_a_record": false,
                "enable_resource_name_dns_aaaa_record": false,
                "hostname_type": "ip-name"
              }
            ],
            "private_ip": "10.0.0.68",
            "public_dns": "",
            "public_ip": "54.197.68.189",
            "region": "us-east-1",
            "root_block_device": [
              {
                "delete_on_termination": true,
                "device_name": "/dev/xvda",
                "encrypted": false,
                "iops": 100,
                "kms_key_id": "",
                "tags": {},
                "tags_all": {},
                "throughput": 0,
                "volume_id": "vol-0dbd86b63ff535054",
                "volume_size": 8,
                "volume_type": "gp2"
              }
            ],
            "secondary_private_ips": [],
            "security_groups": [],
            "source_dest_check": true,
            "spot_instance_request_id": "",
            "subnet_id": "subnet-0a333ed5558628c7d",
            "tags": {
              "Name": "public-proxy-0"
            },
            "tags_all": {
              "Name": "public-proxy-0"
            },
            "tenancy": "default",
            "timeouts": null,
            "user_data": "#!/bin/bash\nyum update -y\nyum install -y nginx\ncat \u003e /usr/share/nginx/html/index.html \u003c\u003c'HTML'\n\u003chtml\u003e\u003cbody\u003e\u003ch1\u003ePublic Proxy (nginx) - served by Terraform\u003c/h1\u003e\u003c/body\u003e\u003c/html\u003e\nHTML\nsystemctl enable nginx\nsystemctl start nginx\n",
            "user_data_base64": null,
            "user_data_replace_on_change": false,
            "volume_tags": null,
            "vpc_security_group_ids": [
              "sg-0285f0f90b795e5ee"
            ]
          },
          "sensitive_attributes": [],
          "identity_schema_version": 0,
          "identity": {
            "account_id": "239887201023",
            "id": "i-066bedbc969aea11f",
            "region": "us-east-1"
          },
          "private": "eyJlMmJmYjczMC1lY2FhLTExZTYtOGY4OC0zNDM2M2JjN2M0YzAiOnsiY3JlYXRlIjo2MDAwMDAwMDAwMDAsImRlbGV0ZSI6MTIwMDAwMDAwMDAwMCwicmVhZCI6OTAwMDAwMDAwMDAwLCJ1cGRhdGUiOjYwMDAwMDAwMDAwMH0sInNjaGVtYV92ZXJzaW9uIjoiMiJ9",
          "dependencies": [
            "module.ec2.aws_key_pair.auto_key",
            "module.ec2.aws_security_group.public_sg",
            "module.ec2.random_id.key_suffix",
            "module.ec2.tls_private_key.example",
            "module.vpc.aws_subnet.public",
            "module.vpc.aws_vpc.main"
          ]
        },
        {
          "index_key": 1,
          "schema_version": 2,
          "attributes": {
            "ami": "ami-0c94855ba95c71c99",
            "arn": "arn:aws:ec2:us-east-1:239887201023:instance/i-0fa7c0594cc98499b",
            "associate_public_ip_address": true,
            "availability_zone": "us-east-1b",
            "capacity_reservation_specification": [
              {
                "capacity_reservation_preference": "open",
                "capacity_reservation_target": []
              }
            ],
            "cpu_options": [
              {
                "amd_sev_snp": "",
                "core_count": 1,
                "threads_per_core": 1
              }
            ],
            "credit_specification": [
              {
                "cpu_credits": "standard"
              }
            ],
            "disable_api_stop": false,
            "disable_api_termination": false,
            "ebs_block_device": [],
            "ebs_optimized": false,
            "enable_primary_ipv6": null,
            "enclave_options": [
              {
                "enabled": false
              }
            ],
            "ephemeral_block_device": [],
            "force_destroy": false,
            "get_password_data": false,
            "hibernation": false,
            "host_id": "",
            "host_resource_group_arn": null,
            "iam_instance_profile": "",
            "id": "i-0fa7c0594cc98499b",
            "instance_initiated_shutdown_behavior": "stop",
            "instance_lifecycle": "",
            "instance_market_options": [],
            "instance_state": "running",
            "instance_type": "t2.micro",
            "ipv6_address_count": 0,
            "ipv6_addresses": [],
            "key_name": "auto-key-a6976d11",
            "launch_template": [],
            "maintenance_options": [
              {
                "auto_recovery": "default"
              }
            ],
            "metadata_options": [
              {
                "http_endpoint": "enabled",
                "http_protocol_ipv6": "disabled",
                "http_put_response_hop_limit": 1,
                "http_tokens": "optional",
                "instance_metadata_tags": "disabled"
              }
            ],
            "monitoring": false,
            "network_interface": [],
            "outpost_arn": "",
            "password_data": "",
            "placement_group": "",
            "placement_group_id": "",
            "placement_partition_number": 0,
            "primary_network_interface": [
              {
                "delete_on_termination": true,
                "network_interface_id": "eni-036b4cb38cf57f0dd"
              }
            ],
            "primary_network_interface_id": "eni-036b4cb38cf57f0dd",
            "private_dns": "ip-10-0-1-166.ec2.internal",
            "private_dns_name_options": [
              {
                "enable_resource_name_dns_a_record": false,
                "enable_resource_name_dns_aaaa_record": false,
                "hostname_type": "ip-name"
              }
            ],
            "private_ip": "10.0.1.166",
            "public_dns": "",
            "public_ip": "54.196.174.151",
            "region": "us-east-1",
            "root_block_device": [
              {
                "delete_on_termination": true,
                "device_name": "/dev/xvda",
                "encrypted": false,
                "iops": 100,
                "kms_key_id": "",
                "tags": {},
                "tags_all": {},
                "throughput": 0,
                "volume_id": "vol-08313265a5cdc4698",
                "volume_size": 8,
                "volume_type": "gp2"
              }
            ],
            "secondary_private_ips": [],
            "security_groups": [],
            "source_dest_check": true,
            "spot_instance_request_id": "",
            "subnet_id": "subnet-05ae7c1fe25598a0c",
            "tags": {
              "Name": "public-proxy-1"
            },
            "tags_all": {
              "Name": "public-proxy-1"
            },
            "tenancy": "default",
            "timeouts": null,
            "user_data": "#!/bin/bash\nyum update -y\nyum install -y nginx\ncat \u003e /usr/share/nginx/html/index.html \u003c\u003c'HTML'\n\u003chtml\u003e\u003cbody\u003e\u003ch1\u003ePublic Proxy (nginx) - served by Terraform\u003c/h1\u003e\u003c/body\u003e\u003c/html\u003e\nHTML\nsystemctl enable nginx\nsystemctl start nginx\n",
            "user_data_base64": null,
            "user_data_replace_on_change": false,
            "volume_tags": null,
            "vpc_security_group_ids": [
              "sg-0285f0f90b795e5ee"
            ]
          },
          "sensitive_attributes": [],
          "identity_schema_version": 0,
          "identity": {
            "account_id": "239887201023",
            "id": "i-0fa7c0594cc98499b",
            "region": "us-east-1"
          },
          "private": "eyJlMmJmYjczMC1lY2FhLTExZTYtOGY4OC0zNDM2M2JjN2M0YzAiOnsiY3JlYXRlIjo2MDAwMDAwMDAwMDAsImRlbGV0ZSI6MTIwMDAwMDAwMDAwMCwicmVhZCI6OTAwMDAwMDAwMDAwLCJ1cGRhdGUiOjYwMDAwMDAwMDAwMH0sInNjaGVtYV92ZXJzaW9uIjoiMiJ9",
          "dependencies": [
            "module.ec2.aws_key_pair.auto_key",
            "module.ec2.aws_security_group.public_sg",
            "module.ec2.random_id.key_suffix",
            "module.ec2.tls_private_key.example",
            "module.vpc.aws_subnet.public",
            "module.vpc.aws_vpc.main"
          ]
        }
      ]
    },
    {
      "module": "module.ec2",
      "mode": "managed",
      "type": "aws_key_pair",
      "name": "auto_key",
      "provider": "provider[\"registry.terraform.io/hashicorp/aws\"]",
      "instances": [
        {
          "schema_version": 1,
          "attributes": {
            "arn": "arn:aws:ec2:us-east-1:239887201023:key-pair/auto-key-a6976d11",
            "fingerprint": "8c:51:5d:6c:0f:14:b5:ca:1a:a9:4c:e5:a0:87:fb:7f",
            "id": "auto-key-a6976d11",
            "key_name": "auto-key-a6976d11",
            "key_name_prefix": "",
            "key_pair_id": "key-0c5f233ee837ac83b",
            "key_type": "rsa",
            "public_key": "ssh-rsa AAAAB3NzaC1yc2EAAAADAQABAAABAQDkLF44QvM2vrgNebskyVDTosTfQU5TK2wxmkYIkSdhOahqXlNr++MwmqZPR0yZ4JgtiwEJ/Jl1yYTEqiNXi8916xC43OSr7JfPpXpJ2z6fgDCon0s4m3lB++lTHx2dc42dTXPa7vj2PPAY4o3HJK/1maDHjnYTJcC1s9v2jE04Fa3YMZOfeQa+4amuicsbomi0u+7kjwObvymWA6mMZv1fi+N+altm4qg8zZhis4rSDvXMbpCgu3pP5Rh1KP4mWTkgW3kblx6TEm/WPs3vi0LtqMn4+CRuPuohLT0L0fA8ISrJaq4y1nJgbxQ6OtkpenO5P9S6ZvBNj90hLrH5l3BH",
            "region": "us-east-1",
            "tags": null,
            "tags_all": {}
          },
          "sensitive_attributes": [],
          "identity_schema_version": 0,
          "private": "eyJzY2hlbWFfdmVyc2lvbiI6IjEifQ==",
          "dependencies": [
            "module.ec2.random_id.key_suffix",
            "module.ec2.tls_private_key.example"
          ]
        }
      ]
    },
    {
      "module": "module.ec2",
      "mode": "managed",
      "type": "aws_security_group",
      "name": "private_sg",
      "provider": "provider[\"registry.terraform.io/hashicorp/aws\"]",
      "instances": [
        {
          "schema_version": 1,
          "attributes": {
            "arn": "arn:aws:ec2:us-east-1:239887201023:security-group/sg-0eb7acfdaf4b40cdb",
            "description": "Managed by Terraform",
            "egress": [
              {
                "cidr_blocks": [
                  "0.0.0.0/0"
                ],
                "description": "",
                "from_port": 0,
                "ipv6_cidr_blocks": [],
                "prefix_list_ids": [],
                "protocol": "-1",
                "security_groups": [],
                "self": false,
                "to_port": 0
              }
            ],
            "id": "sg-0eb7acfdaf4b40cdb",
            "ingress": [
              {
                "cidr_blocks": [],
                "description": "",
                "from_port": 80,
                "ipv6_cidr_blocks": [],
                "prefix_list_ids": [],
                "protocol": "tcp",
                "security_groups": [
                  "sg-0285f0f90b795e5ee"
                ],
                "self": false,
                "to_port": 80
              }
            ],
            "name": "private-sg",
            "name_prefix": "",
            "owner_id": "239887201023",
            "region": "us-east-1",
            "revoke_rules_on_delete": false,
            "tags": null,
            "tags_all": {},
            "timeouts": null,
            "vpc_id": "vpc-0d99e01f99c6d6910"
          },
          "sensitive_attributes": [],
          "identity_schema_version": 0,
          "identity": {
            "account_id": "239887201023",
            "id": "sg-0eb7acfdaf4b40cdb",
            "region": "us-east-1"
          },
          "private": "eyJlMmJmYjczMC1lY2FhLTExZTYtOGY4OC0zNDM2M2JjN2M0YzAiOnsiY3JlYXRlIjo2MDAwMDAwMDAwMDAsImRlbGV0ZSI6OTAwMDAwMDAwMDAwfSwic2NoZW1hX3ZlcnNpb24iOiIxIn0=",
          "dependencies": [
            "module.ec2.aws_security_group.public_sg",
            "module.vpc.aws_vpc.main"
          ]
        }
      ]
    },
    {
      "module": "module.ec2",
      "mode": "managed",
      "type": "aws_security_group",
      "name": "public_sg",
      "provider": "provider[\"registry.terraform.io/hashicorp/aws\"]",
      "instances": [
        {
          "schema_version": 1,
          "attributes": {
            "arn": "arn:aws:ec2:us-east-1:239887201023:security-group/sg-0285f0f90b795e5ee",
            "description": "Managed by Terraform",
            "egress": [
              {
                "cidr_blocks": [
                  "0.0.0.0/0"
                ],
                "description": "",
                "from_port": 0,
                "ipv6_cidr_blocks": [],
                "prefix_list_ids": [],
                "protocol": "-1",
                "security_groups": [],
                "self": false,
                "to_port": 0
              }
            ],
            "id": "sg-0285f0f90b795e5ee",
            "ingress": [
              {
                "cidr_blocks": [
                  "0.0.0.0/0"
                ],
                "description": "",
                "from_port": 22,
                "ipv6_cidr_blocks": [],
                "prefix_list_ids": [],
                "protocol": "tcp",
                "security_groups": [],
                "self": false,
                "to_port": 22
              },
              {
                "cidr_blocks": [
                  "0.0.0.0/0"
                ],
                "description": "",
                "from_port": 80,
                "ipv6_cidr_blocks": [],
                "prefix_list_ids": [],
                "protocol": "tcp",
                "security_groups": [],
                "self": false,
                "to_port": 80
              }
            ],
            "name": "public-sg",
            "name_prefix": "",
            "owner_id": "239887201023",
            "region": "us-east-1",
            "revoke_rules_on_delete": false,
            "tags": null,
            "tags_all": {},
            "timeouts": null,
            "vpc_id": "vpc-0d99e01f99c6d6910"
          },
          "sensitive_attributes": [],
          "identity_schema_version": 0,
          "identity": {
            "account_id": "239887201023",
            "id": "sg-0285f0f90b795e5ee",
            "region": "us-east-1"
          },
          "private": "eyJlMmJmYjczMC1lY2FhLTExZTYtOGY4OC0zNDM2M2JjN2M0YzAiOnsiY3JlYXRlIjo2MDAwMDAwMDAwMDAsImRlbGV0ZSI6OTAwMDAwMDAwMDAwfSwic2NoZW1hX3ZlcnNpb24iOiIxIn0=",
          "dependencies": [
            "module.vpc.aws_vpc.main"
          ]
        }
      ]
    },
    {
      "module": "module.ec2",
      "mode": "managed",
      "type": "random_id",
      "name": "key_suffix",
      "provider": "provider[\"registry.terraform.io/hashicorp/random\"]",
      "instances": [
        {
          "schema_version": 0,
          "attributes": {
            "b64_std": "ppdtEQ==",
            "b64_url": "ppdtEQ",
            "byte_length": 4,
            "dec": "2794941713",
            "hex": "a6976d11",
            "id": "ppdtEQ",
            "keepers": null,
            "prefix": null
          },
          "sensitive_attributes": [],
          "identity_schema_version": 0
        }
      ]
    },
    {
      "module": "module.ec2",
      "mode": "managed",
      "type": "tls_private_key",
      "name": "example",
      "provider": "provider[\"registry.terraform.io/hashicorp/tls\"]",
      "instances": [
        {
          "schema_version": 1,
          "attributes": {
            "algorithm": "RSA",
            "ecdsa_curve": "P224",
            "id": "f404e73514b6f6d8f0caf12f6d35fb27f27f203d",
            "private_key_openssh": "-----BEGIN OPENSSH PRIVATE KEY-----\nb3BlbnNzaC1rZXktdjEAAAAABG5vbmUAAAAEbm9uZQAAAAAAAAABAAABFwAAAAdz\nc2gtcnNhAAAAAwEAAQAAAQEA5CxeOELzNr64DXm7JMlQ06LE30FOUytsMZpGCJEn\nYTmoal5Ta/vjMJqmT0dMmeCYLYsBCfyZdcmExKojV4vPdesQuNzkq+yXz6V6Sds+\nn4AwqJ9LOJt5QfvpUx8dnXONnU1z2u749jzwGOKNxySv9Zmgx452EyXAtbPb9oxN\nOBWt2DGTn3kGvuGpronLG6JotLvu5I8Dm78plgOpjGb9X4vjfmpbZuKoPM2YYrOK\n0g71zG6QoLt6T+UYdSj+Jlk5IFt5G5cekxJv1j7N74tC7ajJ+Pgkbj7qIS09C9Hw\nPCEqyWquMtZyYG8UOjrZKXpzuT/UumbwTY/dIS6x+ZdwRwAAA7inZ9Txp2fU8QAA\nAAdzc2gtcnNhAAABAQDkLF44QvM2vrgNebskyVDTosTfQU5TK2wxmkYIkSdhOahq\nXlNr++MwmqZPR0yZ4JgtiwEJ/Jl1yYTEqiNXi8916xC43OSr7JfPpXpJ2z6fgDCo\nn0s4m3lB++lTHx2dc42dTXPa7vj2PPAY4o3HJK/1maDHjnYTJcC1s9v2jE04Fa3Y\nMZOfeQa+4amuicsbomi0u+7kjwObvymWA6mMZv1fi+N+altm4qg8zZhis4rSDvXM\nbpCgu3pP5Rh1KP4mWTkgW3kblx6TEm/WPs3vi0LtqMn4+CRuPuohLT0L0fA8ISrJ\naq4y1nJgbxQ6OtkpenO5P9S6ZvBNj90hLrH5l3BHAAAAAwEAAQAAAQAHo3ycAZHG\n2Wer+9FKD/tGuoJAvxzyJ9f9aR7DFqjs1lNPDE1aphoa/HJo4QgtdplhnO+x9+Tj\nTpXFR7TbL3EIj5AFwE9fehIy/2Uyp8ZW7KG0Y3DPOlU64kYTZE1HgiDRjVA9mhZ3\nl96p1pvMeOvzGuuJArntNixXaOgKPvQu1mrBzMUCFAwi5A4wvRjmQswA6IeHMRbZ\n341jJdC13ILoFVwLIMDnxxLbPzmyr9UrtLjFbo0N1oUPkhf1UVz3jI+kAxj6LiuL\nJ/U8NSSSk1Jfo1WnnXbMsdnAx4G5QKhwrlHR/tkZZUcTqq4O1wjvApeK4QYCg61K\nm0dPYWjbmGkhAAAAgAscTGo08lxpyL4Vx8J/Rt3vOlfGzVe6QnI41vLJK6eawtak\nkMIEaBeZa57CJozREZxRCARyPiC+8NrC5lczunUUU9gb3FK2gpaahmOxgdUwa3ZZ\njTBIUQSllxTW06OI2emDwfjHiH06syO8nmVAhBkID8iZrupAHqV8G/WkKwlTAAAA\ngQDmEdXvh0iXA4Il7emDfqVqz2moMVE8Ec4hh6YF28c4+Wux86redZ3RL+/+dgrg\nh6pV7LcZ0uEbLeN4pMWkVJcuR9yOB14DeUF4pPg/Ee6BAiqxcXGWeYlIg8roheRT\nbFYvGMNT4FXjGIoInzKpjlflbucu9p12G3Ktc/FS/dwy+QAAAIEA/ePRKXrHZdI4\narCba9wIKZG3CdMj3v8LBWhNyYhXzTKFdWTZnvOa4JSsfBBrEuQxOpN8XcnvgLoG\nWLTuK0YHNmr2SPm4FoMfGMcNDz+jLlJwpKuRAetMkL01O3byyEtjE+xRHScNdMzw\nvuKMEBi9ceG7uTAatedfASkSZ4AiTT8AAAAAAQID\n-----END OPENSSH PRIVATE KEY-----\n",
            "private_key_pem": "-----BEGIN RSA PRIVATE KEY-----\nMIIEogIBAAKCAQEA5CxeOELzNr64DXm7JMlQ06LE30FOUytsMZpGCJEnYTmoal5T\na/vjMJqmT0dMmeCYLYsBCfyZdcmExKojV4vPdesQuNzkq+yXz6V6Sds+n4AwqJ9L\nOJt5QfvpUx8dnXONnU1z2u749jzwGOKNxySv9Zmgx452EyXAtbPb9oxNOBWt2DGT\nn3kGvuGpronLG6JotLvu5I8Dm78plgOpjGb9X4vjfmpbZuKoPM2YYrOK0g71zG6Q\noLt6T+UYdSj+Jlk5IFt5G5cekxJv1j7N74tC7ajJ+Pgkbj7qIS09C9HwPCEqyWqu\nMtZyYG8UOjrZKXpzuT/UumbwTY/dIS6x+ZdwRwIDAQABAoIBAAejfJwBkcbZZ6v7\n0UoP+0a6gkC/HPIn1/1pHsMWqOzWU08MTVqmGhr8cmjhCC12mWGc77H35ONOlcVH\ntNsvcQiPkAXAT196EjL/ZTKnxlbsobRjcM86VTriRhNkTUeCINGNUD2aFneX3qnW\nm8x46/Ma64kCue02LFdo6Ao+9C7WasHMxQIUDCLkDjC9GOZCzADoh4cxFtnfjWMl\n0LXcgugVXAsgwOfHEts/ObKv1Su0uMVujQ3WhQ+SF/VRXPeMj6QDGPouK4sn9Tw1\nJJKTUl+jVaeddsyx2cDHgblAqHCuUdH+2RllRxOqrg7XCO8Cl4rhBgKDrUqbR09h\naNuYaSECgYEA5hHV74dIlwOCJe3pg36las9pqDFRPBHOIYemBdvHOPlrsfOq3nWd\n0S/v/nYK4IeqVey3GdLhGy3jeKTFpFSXLkfcjgdeA3lBeKT4PxHugQIqsXFxlnmJ\nSIPK6IXkU2xWLxjDU+BV4xiKCJ8yqY5X5W7nLvaddhtyrXPxUv3cMvkCgYEA/ePR\nKXrHZdI4arCba9wIKZG3CdMj3v8LBWhNyYhXzTKFdWTZnvOa4JSsfBBrEuQxOpN8\nXcnvgLoGWLTuK0YHNmr2SPm4FoMfGMcNDz+jLlJwpKuRAetMkL01O3byyEtjE+xR\nHScNdMzwvuKMEBi9ceG7uTAatedfASkSZ4AiTT8CgYAuMQqI6tpyJ2wr/VZS5kyD\n41zNPgmXS+Pc64Uzy+p1z+4Fbmyx+V9ULpG6vyxz5AkY80vXzXUQpefzwvFDixBH\nZHotseD4RZIVjNmioBEIqcy0j5hEo+YiPwOwJ6Gt9iRflFMzNelIjRa5oGzligSv\ntdKIpU779YrStGKRTRK20QKBgFUhiaXl9GxQ4/fqRgMRoW8G3CAgOxvv2usyQTr9\nS6uTcCqf6VSiDGGXmIp1GuIXv+YLRB1Ss8svFSeza1T5Qzvc+74WdcKertOpEtj1\nFqtWm0yr9pB1LJQvzWSmCtxcYtlwWPZ0fM+YVHU9E4fmM8e20DJVTe+GqFWERxaL\nYXUTAoGACxxMajTyXGnIvhXHwn9G3e86V8bNV7pCcjjW8skrp5rC1qSQwgRoF5lr\nnsImjNERnFEIBHI+IL7w2sLmVzO6dRRT2BvcUraClpqGY7GB1TBrdlmNMEhRBKWX\nFNbTo4jZ6YPB+MeIfTqzI7yeZUCEGQgPyJmu6kAepXwb9aQrCVM=\n-----END RSA PRIVATE KEY-----\n",
            "private_key_pem_pkcs8": "-----BEGIN PRIVATE KEY-----\nMIIEvAIBADANBgkqhkiG9w0BAQEFAASCBKYwggSiAgEAAoIBAQDkLF44QvM2vrgN\nebskyVDTosTfQU5TK2wxmkYIkSdhOahqXlNr++MwmqZPR0yZ4JgtiwEJ/Jl1yYTE\nqiNXi8916xC43OSr7JfPpXpJ2z6fgDCon0s4m3lB++lTHx2dc42dTXPa7vj2PPAY\n4o3HJK/1maDHjnYTJcC1s9v2jE04Fa3YMZOfeQa+4amuicsbomi0u+7kjwObvymW\nA6mMZv1fi+N+altm4qg8zZhis4rSDvXMbpCgu3pP5Rh1KP4mWTkgW3kblx6TEm/W\nPs3vi0LtqMn4+CRuPuohLT0L0fA8ISrJaq4y1nJgbxQ6OtkpenO5P9S6ZvBNj90h\nLrH5l3BHAgMBAAECggEAB6N8nAGRxtlnq/vRSg/7RrqCQL8c8ifX/Wkewxao7NZT\nTwxNWqYaGvxyaOEILXaZYZzvsffk406VxUe02y9xCI+QBcBPX3oSMv9lMqfGVuyh\ntGNwzzpVOuJGE2RNR4Ig0Y1QPZoWd5feqdabzHjr8xrriQK57TYsV2joCj70LtZq\nwczFAhQMIuQOML0Y5kLMAOiHhzEW2d+NYyXQtdyC6BVcCyDA58cS2z85sq/VK7S4\nxW6NDdaFD5IX9VFc94yPpAMY+i4riyf1PDUkkpNSX6NVp512zLHZwMeBuUCocK5R\n0f7ZGWVHE6quDtcI7wKXiuEGAoOtSptHT2Fo25hpIQKBgQDmEdXvh0iXA4Il7emD\nfqVqz2moMVE8Ec4hh6YF28c4+Wux86redZ3RL+/+dgrgh6pV7LcZ0uEbLeN4pMWk\nVJcuR9yOB14DeUF4pPg/Ee6BAiqxcXGWeYlIg8roheRTbFYvGMNT4FXjGIoInzKp\njlflbucu9p12G3Ktc/FS/dwy+QKBgQD949Epesdl0jhqsJtr3AgpkbcJ0yPe/wsF\naE3JiFfNMoV1ZNme85rglKx8EGsS5DE6k3xdye+AugZYtO4rRgc2avZI+bgWgx8Y\nxw0PP6MuUnCkq5EB60yQvTU7dvLIS2MT7FEdJw10zPC+4owQGL1x4bu5MBq1518B\nKRJngCJNPwKBgC4xCojq2nInbCv9VlLmTIPjXM0+CZdL49zrhTPL6nXP7gVubLH5\nX1Qukbq/LHPkCRjzS9fNdRCl5/PC8UOLEEdkei2x4PhFkhWM2aKgEQipzLSPmESj\n5iI/A7Anoa32JF+UUzM16UiNFrmgbOWKBK+10oilTvv1itK0YpFNErbRAoGAVSGJ\npeX0bFDj9+pGAxGhbwbcICA7G+/a6zJBOv1Lq5NwKp/pVKIMYZeYinUa4he/5gtE\nHVKzyy8VJ7NrVPlDO9z7vhZ1wp6u06kS2PUWq1abTKv2kHUslC/NZKYK3Fxi2XBY\n9nR8z5hUdT0Th+Yzx7bQMlVN74aoVYRHFothdRMCgYALHExqNPJcaci+FcfCf0bd\n7zpXxs1XukJyONbyySunmsLWpJDCBGgXmWuewiaM0RGcUQgEcj4gvvDawuZXM7p1\nFFPYG9xStoKWmoZjsYHVMGt2WY0wSFEEpZcU1tOjiNnpg8H4x4h9OrMjvJ5lQIQZ\nCA/Ima7qQB6lfBv1pCsJUw==\n-----END PRIVATE KEY-----\n",
            "public_key_fingerprint_md5": "4e:57:e1:24:3b:5e:1c:a0:d5:5b:f5:23:b1:c5:0b:34",
            "public_key_fingerprint_sha256": "SHA256:bDP2geiBymQe7uFc94TzEBL6l7F9t33Cv/EJkBBfsJI",
            "public_key_openssh": "ssh-rsa AAAAB3NzaC1yc2EAAAADAQABAAABAQDkLF44QvM2vrgNebskyVDTosTfQU5TK2wxmkYIkSdhOahqXlNr++MwmqZPR0yZ4JgtiwEJ/Jl1yYTEqiNXi8916xC43OSr7JfPpXpJ2z6fgDCon0s4m3lB++lTHx2dc42dTXPa7vj2PPAY4o3HJK/1maDHjnYTJcC1s9v2jE04Fa3YMZOfeQa+4amuicsbomi0u+7kjwObvymWA6mMZv1fi+N+altm4qg8zZhis4rSDvXMbpCgu3pP5Rh1KP4mWTkgW3kblx6TEm/WPs3vi0LtqMn4+CRuPuohLT0L0fA8ISrJaq4y1nJgbxQ6OtkpenO5P9S6ZvBNj90hLrH5l3BH\n",
            "public_key_pem": "-----BEGIN PUBLIC KEY-----\nMIIBIjANBgkqhkiG9w0BAQEFAAOCAQ8AMIIBCgKCAQEA5CxeOELzNr64DXm7JMlQ\n06LE30FOUytsMZpGCJEnYTmoal5Ta/vjMJqmT0dMmeCYLYsBCfyZdcmExKojV4vP\ndesQuNzkq+yXz6V6Sds+n4AwqJ9LOJt5QfvpUx8dnXONnU1z2u749jzwGOKNxySv\n9Zmgx452EyXAtbPb9oxNOBWt2DGTn3kGvuGpronLG6JotLvu5I8Dm78plgOpjGb9\nX4vjfmpbZuKoPM2YYrOK0g71zG6QoLt6T+UYdSj+Jlk5IFt5G5cekxJv1j7N74tC\n7ajJ+Pgkbj7qIS09C9HwPCEqyWquMtZyYG8UOjrZKXpzuT/UumbwTY/dIS6x+Zdw\nRwIDAQAB\n-----END PUBLIC KEY-----\n",
            "rsa_bits": 2048
          },
          "sensitive_attributes": [
            [
              {
                "type": "get_attr",
                "value": "private_key_openssh"
              }
            ],
            [
              {
                "type": "get_attr",
                "value": "private_key_pem"
              }
            ],
            [
              {
                "type": "get_attr",
                "value": "private_key_pem_pkcs8"
              }
            ]
          ],
          "identity_schema_version": 0
        }
      ]
    },
    {
      "module": "module.vpc",
      "mode": "managed",
      "type": "aws_eip",
      "name": "nat",
      "provider": "provider[\"registry.terraform.io/hashicorp/aws\"]",
      "instances": [
        {
          "schema_version": 0,
          "attributes": {
            "address": null,
            "allocation_id": "eipalloc-04cb62200a94f91af",
            "arn": "arn:aws:ec2:us-east-1:239887201023:elastic-ip/eipalloc-04cb62200a94f91af",
            "associate_with_private_ip": null,
            "association_id": "",
            "carrier_ip": "",
            "customer_owned_ip": "",
            "customer_owned_ipv4_pool": "",
            "domain": "vpc",
            "id": "eipalloc-04cb62200a94f91af",
            "instance": "",
            "ipam_pool_id": null,
            "network_border_group": "us-east-1",
            "network_interface": "",
            "private_dns": null,
            "private_ip": "",
            "ptr_record": "",
            "public_dns": "ec2-98-95-169-50.compute-1.amazonaws.com",
            "public_ip": "98.95.169.50",
            "public_ipv4_pool": "amazon",
            "region": "us-east-1",
            "tags": null,
            "tags_all": {},
            "timeouts": null
          },
          "sensitive_attributes": [],
          "identity_schema_version": 0,
          "private": "eyJlMmJmYjczMC1lY2FhLTExZTYtOGY4OC0zNDM2M2JjN2M0YzAiOnsiZGVsZXRlIjoxODAwMDAwMDAwMDAsInJlYWQiOjkwMDAwMDAwMDAwMCwidXBkYXRlIjozMDAwMDAwMDAwMDB9fQ=="
        }
      ]
    },
    {
      "module": "module.vpc",
      "mode": "managed",
      "type": "aws_internet_gateway",
      "name": "igw",
      "provider": "provider[\"registry.terraform.io/hashicorp/aws\"]",
      "instances": [
        {
          "schema_version": 0,
          "attributes": {
            "arn": "arn:aws:ec2:us-east-1:239887201023:internet-gateway/igw-0b0785ac2d1407885",
            "id": "igw-0b0785ac2d1407885",
            "owner_id": "239887201023",
            "region": "us-east-1",
            "tags": null,
            "tags_all": {},
            "timeouts": null,
            "vpc_id": "vpc-0d99e01f99c6d6910"
          },
          "sensitive_attributes": [],
          "identity_schema_version": 0,
          "private": "eyJlMmJmYjczMC1lY2FhLTExZTYtOGY4OC0zNDM2M2JjN2M0YzAiOnsiY3JlYXRlIjoxMjAwMDAwMDAwMDAwLCJkZWxldGUiOjEyMDAwMDAwMDAwMDAsInVwZGF0ZSI6MTIwMDAwMDAwMDAwMH19",
          "dependencies": [
            "module.vpc.aws_vpc.main"
          ]
        }
      ]
    },
    {
      "module": "module.vpc",
      "mode": "managed",
      "type": "aws_nat_gateway",
      "name": "nat",
      "provider": "provider[\"registry.terraform.io/hashicorp/aws\"]",
      "instances": [
        {
          "schema_version": 0,
          "attributes": {
            "allocation_id": "eipalloc-04cb62200a94f91af",
            "association_id": "eipassoc-0369c45f3fb200c8e",
            "connectivity_type": "public",
            "id": "nat-0d8548f3ca41d2126",
            "network_interface_id": "eni-01b28b5a74d06ed33",
            "private_ip": "10.0.0.110",
            "public_ip": "98.95.169.50",
            "region": "us-east-1",
            "secondary_allocation_ids": [],
            "secondary_private_ip_address_count": 0,
            "secondary_private_ip_addresses": [],
            "subnet_id": "subnet-0a333ed5558628c7d",
            "tags": null,
            "tags_all": {},
            "timeouts": null
          },
          "sensitive_attributes": [],
          "identity_schema_version": 0,
          "private": "eyJlMmJmYjczMC1lY2FhLTExZTYtOGY4OC0zNDM2M2JjN2M0YzAiOnsiY3JlYXRlIjo2MDAwMDAwMDAwMDAsImRlbGV0ZSI6MTgwMDAwMDAwMDAwMCwidXBkYXRlIjo2MDAwMDAwMDAwMDB9fQ==",
          "dependencies": [
            "module.vpc.aws_eip.nat",
            "module.vpc.aws_internet_gateway.igw",
            "module.vpc.aws_subnet.public",
            "module.vpc.aws_vpc.main"
          ]
        }
      ]
    },
    {
      "module": "module.vpc",
      "mode": "managed",
      "type": "aws_subnet",
      "name": "private",
      "provider": "provider[\"registry.terraform.io/hashicorp/aws\"]",
      "instances": [
        {
          "index_key": 0,
          "schema_version": 1,
          "attributes": {
            "arn": "arn:aws:ec2:us-east-1:239887201023:subnet/subnet-0b6cb135eaf480902",
            "assign_ipv6_address_on_creation": false,
            "availability_zone": "us-east-1a",
            "availability_zone_id": "use1-az2",
            "cidr_block": "10.0.2.0/24",
            "customer_owned_ipv4_pool": "",
            "enable_dns64": false,
            "enable_lni_at_device_index": 0,
            "enable_resource_name_dns_a_record_on_launch": false,
            "enable_resource_name_dns_aaaa_record_on_launch": false,
            "id": "subnet-0b6cb135eaf480902",
            "ipv6_cidr_block": "",
            "ipv6_cidr_block_association_id": "",
            "ipv6_native": false,
            "map_customer_owned_ip_on_launch": false,
            "map_public_ip_on_launch": false,
            "outpost_arn": "",
            "owner_id": "239887201023",
            "private_dns_hostname_type_on_launch": "ip-name",
            "region": "us-east-1",
            "tags": null,
            "tags_all": {},
            "timeouts": null,
            "vpc_id": "vpc-0d99e01f99c6d6910"
          },
          "sensitive_attributes": [],
          "identity_schema_version": 0,
          "identity": {
            "account_id": "239887201023",
            "id": "subnet-0b6cb135eaf480902",
            "region": "us-east-1"
          },
          "private": "eyJlMmJmYjczMC1lY2FhLTExZTYtOGY4OC0zNDM2M2JjN2M0YzAiOnsiY3JlYXRlIjo2MDAwMDAwMDAwMDAsImRlbGV0ZSI6MTIwMDAwMDAwMDAwMH0sInNjaGVtYV92ZXJzaW9uIjoiMSJ9",
          "dependencies": [
            "module.vpc.aws_vpc.main"
          ]
        },
        {
          "index_key": 1,
          "schema_version": 1,
          "attributes": {
            "arn": "arn:aws:ec2:us-east-1:239887201023:subnet/subnet-05fe840f2e5ee8c6d",
            "assign_ipv6_address_on_creation": false,
            "availability_zone": "us-east-1b",
            "availability_zone_id": "use1-az4",
            "cidr_block": "10.0.3.0/24",
            "customer_owned_ipv4_pool": "",
            "enable_dns64": false,
            "enable_lni_at_device_index": 0,
            "enable_resource_name_dns_a_record_on_launch": false,
            "enable_resource_name_dns_aaaa_record_on_launch": false,
            "id": "subnet-05fe840f2e5ee8c6d",
            "ipv6_cidr_block": "",
            "ipv6_cidr_block_association_id": "",
            "ipv6_native": false,
            "map_customer_owned_ip_on_launch": false,
            "map_public_ip_on_launch": false,
            "outpost_arn": "",
            "owner_id": "239887201023",
            "private_dns_hostname_type_on_launch": "ip-name",
            "region": "us-east-1",
            "tags": null,
            "tags_all": {},
            "timeouts": null,
            "vpc_id": "vpc-0d99e01f99c6d6910"
          },
          "sensitive_attributes": [],
          "identity_schema_version": 0,
          "identity": {
            "account_id": "239887201023",
            "id": "subnet-05fe840f2e5ee8c6d",
            "region": "us-east-1"
          },
          "private": "eyJlMmJmYjczMC1lY2FhLTExZTYtOGY4OC0zNDM2M2JjN2M0YzAiOnsiY3JlYXRlIjo2MDAwMDAwMDAwMDAsImRlbGV0ZSI6MTIwMDAwMDAwMDAwMH0sInNjaGVtYV92ZXJzaW9uIjoiMSJ9",
          "dependencies": [
            "module.vpc.aws_vpc.main"
          ]
        }
      ]
    },
    {
      "module": "module.vpc",
      "mode": "managed",
      "type": "aws_subnet",
      "name": "public",
      "provider": "provider[\"registry.terraform.io/hashicorp/aws\"]",
      "instances": [
        {
          "index_key": 0,
          "schema_version": 1,
          "attributes": {
            "arn": "arn:aws:ec2:us-east-1:239887201023:subnet/subnet-0a333ed5558628c7d",
            "assign_ipv6_address_on_creation": false,
            "availability_zone": "us-east-1a",
            "availability_zone_id": "use1-az2",
            "cidr_block": "10.0.0.0/24",
            "customer_owned_ipv4_pool": "",
            "enable_dns64": false,
            "enable_lni_at_device_index": 0,
            "enable_resource_name_dns_a_record_on_launch": false,
            "enable_resource_name_dns_aaaa_record_on_launch": false,
            "id": "subnet-0a333ed5558628c7d",
            "ipv6_cidr_block": "",
            "ipv6_cidr_block_association_id": "",
            "ipv6_native": false,
            "map_customer_owned_ip_on_launch": false,
            "map_public_ip_on_launch": true,
            "outpost_arn": "",
            "owner_id": "239887201023",
            "private_dns_hostname_type_on_launch": "ip-name",
            "region": "us-east-1",
            "tags": null,
            "tags_all": {},
            "timeouts": null,
            "vpc_id": "vpc-0d99e01f99c6d6910"
          },
          "sensitive_attributes": [],
          "identity_schema_version": 0,
          "identity": {
            "account_id": "239887201023",
            "id": "subnet-0a333ed5558628c7d",
            "region": "us-east-1"
          },
          "private": "eyJlMmJmYjczMC1lY2FhLTExZTYtOGY4OC0zNDM2M2JjN2M0YzAiOnsiY3JlYXRlIjo2MDAwMDAwMDAwMDAsImRlbGV0ZSI6MTIwMDAwMDAwMDAwMH0sInNjaGVtYV92ZXJzaW9uIjoiMSJ9",
          "dependencies": [
            "module.vpc.aws_vpc.main"
          ]
        },
        {
          "index_key": 1,
          "schema_version": 1,
          "attributes": {
            "arn": "arn:aws:ec2:us-east-1:239887201023:subnet/subnet-05ae7c1fe25598a0c",
            "assign_ipv6_address_on_creation": false,
            "availability_zone": "us-east-1b",
            "availability_zone_id": "use1-az4",
            "cidr_block": "10.0.1.0/24",
            "customer_owned_ipv4_pool": "",
            "enable_dns64": false,
            "enable_lni_at_device_index": 0,
            "enable_resource_name_dns_a_record_on_launch": false,
            "enable_resource_name_dns_aaaa_record_on_launch": false,
            "id": "subnet-05ae7c1fe25598a0c",
            "ipv6_cidr_block": "",
            "ipv6_cidr_block_association_id": "",
            "ipv6_native": false,
            "map_customer_owned_ip_on_launch": false,
            "map_public_ip_on_launch": true,
            "outpost_arn": "",
            "owner_id": "239887201023",
            "private_dns_hostname_type_on_launch": "ip-name",
            "region": "us-east-1",
            "tags": null,
            "tags_all": {},
            "timeouts": null,
            "vpc_id": "vpc-0d99e01f99c6d6910"
          },
          "sensitive_attributes": [],
          "identity_schema_version": 0,
          "identity": {
            "account_id": "239887201023",
            "id": "subnet-05ae7c1fe25598a0c",
            "region": "us-east-1"
          },
          "private": "eyJlMmJmYjczMC1lY2FhLTExZTYtOGY4OC0zNDM2M2JjN2M0YzAiOnsiY3JlYXRlIjo2MDAwMDAwMDAwMDAsImRlbGV0ZSI6MTIwMDAwMDAwMDAwMH0sInNjaGVtYV92ZXJzaW9uIjoiMSJ9",
          "dependencies": [
            "module.vpc.aws_vpc.main"
          ]
        }
      ]
    },
    {
      "module": "module.vpc",
      "mode": "managed",
      "type": "aws_vpc",
      "name": "main",
      "provider": "provider[\"registry.terraform.io/hashicorp/aws\"]",
      "instances": [
        {
          "schema_version": 1,
          "attributes": {
            "arn": "arn:aws:ec2:us-east-1:239887201023:vpc/vpc-0d99e01f99c6d6910",
            "assign_generated_ipv6_cidr_block": false,
            "cidr_block": "10.0.0.0/16",
            "default_network_acl_id": "acl-011878344f4910c49",
            "default_route_table_id": "rtb-00fbe4e0204066c49",
            "default_security_group_id": "sg-04aecdec01741b950",
            "dhcp_options_id": "dopt-0696e64070d307b6f",
            "enable_dns_hostnames": false,
            "enable_dns_support": true,
            "enable_network_address_usage_metrics": false,
            "id": "vpc-0d99e01f99c6d6910",
            "instance_tenancy": "default",
            "ipv4_ipam_pool_id": null,
            "ipv4_netmask_length": null,
            "ipv6_association_id": "",
            "ipv6_cidr_block": "",
            "ipv6_cidr_block_network_border_group": "",
            "ipv6_ipam_pool_id": "",
            "ipv6_netmask_length": 0,
            "main_route_table_id": "rtb-00fbe4e0204066c49",
            "owner_id": "239887201023",
            "region": "us-east-1",
            "tags": null,
            "tags_all": {}
          },
          "sensitive_attributes": [],
          "identity_schema_version": 0,
          "identity": {
            "account_id": "239887201023",
            "id": "vpc-0d99e01f99c6d6910",
            "region": "us-east-1"
          },
          "private": "eyJzY2hlbWFfdmVyc2lvbiI6IjEifQ=="
        }
      ]
    }
  ],
  "check_results": null
}
